
Microsoft Visual Studio Solution File, Format Version 12.00
# Visual Studio Version 17
VisualStudioVersion = 17.0.31903.59
MinimumVisualStudioVersion = 10.0.40219.1
Project("{2150E333-8FDC-42A3-9474-1A3956D46DE8}") = "src", "src", "{827E0CD3-B72D-47B6-A68D-7590B98EB39B}"
EndProject
Project("{FAE04EC0-301F-11D3-BF4B-00C04F79EFBC}") = "domain", "src\domain\domain.csproj", "{48DA2F28-74A8-4F86-99C3-8EDD59EA9383}"
EndProject
Project("{FAE04EC0-301F-11D3-BF4B-00C04F79EFBC}") = "application", "src\application\application.csproj", "{2CE258C3-07B9-41DB-8A15-0DE4E094E314}"
EndProject
Project("{FAE04EC0-301F-11D3-BF4B-00C04F79EFBC}") = "infrastructure", "src\infrastructure\infrastructure.csproj", "{4427D240-6CA8-4478-9104-B407D4411A46}"
EndProject
Project("{FAE04EC0-301F-11D3-BF4B-00C04F79EFBC}") = "api", "src\api\api.csproj", "{4B21C78E-D158-4F07-9828-DEDC53B451BE}"
EndProject
Project("{FAE04EC0-301F-11D3-BF4B-00C04F79EFBC}") = "orchestrator", "src\orchestrator\orchestrator.csproj", "{AB2A0D16-CD62-425D-A95F-9211422FAB27}"
EndProject
Project("{FAE04EC0-301F-11D3-BF4B-00C04F79EFBC}") = "webui", "src\webui\webui.csproj", "{6EE76231-7B84-452C-939D-B497CC64BCFA}"
EndProject
Global
	GlobalSection(SolutionConfigurationPlatforms) = preSolution
		Debug|Any CPU = Debug|Any CPU
		Debug|x64 = Debug|x64
		Debug|x86 = Debug|x86
		Release|Any CPU = Release|Any CPU
		Release|x64 = Release|x64
		Release|x86 = Release|x86
	EndGlobalSection
	GlobalSection(ProjectConfigurationPlatforms) = postSolution
		{48DA2F28-74A8-4F86-99C3-8EDD59EA9383}.Debug|Any CPU.ActiveCfg = Debug|Any CPU
		{48DA2F28-74A8-4F86-99C3-8EDD59EA9383}.Debug|Any CPU.Build.0 = Debug|Any CPU
		{48DA2F28-74A8-4F86-99C3-8EDD59EA9383}.Debug|x64.ActiveCfg = Debug|Any CPU
		{48DA2F28-74A8-4F86-99C3-8EDD59EA9383}.Debug|x64.Build.0 = Debug|Any CPU
		{48DA2F28-74A8-4F86-99C3-8EDD59EA9383}.Debug|x86.ActiveCfg = Debug|Any CPU
		{48DA2F28-74A8-4F86-99C3-8EDD59EA9383}.Debug|x86.Build.0 = Debug|Any CPU
		{48DA2F28-74A8-4F86-99C3-8EDD59EA9383}.Release|Any CPU.ActiveCfg = Release|Any CPU
		{48DA2F28-74A8-4F86-99C3-8EDD59EA9383}.Release|Any CPU.Build.0 = Release|Any CPU
		{48DA2F28-74A8-4F86-99C3-8EDD59EA9383}.Release|x64.ActiveCfg = Release|Any CPU
		{48DA2F28-74A8-4F86-99C3-8EDD59EA9383}.Release|x64.Build.0 = Release|Any CPU
		{48DA2F28-74A8-4F86-99C3-8EDD59EA9383}.Release|x86.ActiveCfg = Release|Any CPU
		{48DA2F28-74A8-4F86-99C3-8EDD59EA9383}.Release|x86.Build.0 = Release|Any CPU
		{2CE258C3-07B9-41DB-8A15-0DE4E094E314}.Debug|Any CPU.ActiveCfg = Debug|Any CPU
		{2CE258C3-07B9-41DB-8A15-0DE4E094E314}.Debug|Any CPU.Build.0 = Debug|Any CPU
		{2CE258C3-07B9-41DB-8A15-0DE4E094E314}.Debug|x64.ActiveCfg = Debug|Any CPU
		{2CE258C3-07B9-41DB-8A15-0DE4E094E314}.Debug|x64.Build.0 = Debug|Any CPU
		{2CE258C3-07B9-41DB-8A15-0DE4E094E314}.Debug|x86.ActiveCfg = Debug|Any CPU
		{2CE258C3-07B9-41DB-8A15-0DE4E094E314}.Debug|x86.Build.0 = Debug|Any CPU
		{2CE258C3-07B9-41DB-8A15-0DE4E094E314}.Release|Any CPU.ActiveCfg = Release|Any CPU
		{2CE258C3-07B9-41DB-8A15-0DE4E094E314}.Release|Any CPU.Build.0 = Release|Any CPU
		{2CE258C3-07B9-41DB-8A15-0DE4E094E314}.Release|x64.ActiveCfg = Release|Any CPU
		{2CE258C3-07B9-41DB-8A15-0DE4E094E314}.Release|x64.Build.0 = Release|Any CPU
		{2CE258C3-07B9-41DB-8A15-0DE4E094E314}.Release|x86.ActiveCfg = Release|Any CPU
		{2CE258C3-07B9-41DB-8A15-0DE4E094E314}.Release|x86.Build.0 = Release|Any CPU
		{4427D240-6CA8-4478-9104-B407D4411A46}.Debug|Any CPU.ActiveCfg = Debug|Any CPU
		{4427D240-6CA8-4478-9104-B407D4411A46}.Debug|Any CPU.Build.0 = Debug|Any CPU
		{4427D240-6CA8-4478-9104-B407D4411A46}.Debug|x64.ActiveCfg = Debug|Any CPU
		{4427D240-6CA8-4478-9104-B407D4411A46}.Debug|x64.Build.0 = Debug|Any CPU
		{4427D240-6CA8-4478-9104-B407D4411A46}.Debug|x86.ActiveCfg = Debug|Any CPU
		{4427D240-6CA8-4478-9104-B407D4411A46}.Debug|x86.Build.0 = Debug|Any CPU
		{4427D240-6CA8-4478-9104-B407D4411A46}.Release|Any CPU.ActiveCfg = Release|Any CPU
		{4427D240-6CA8-4478-9104-B407D4411A46}.Release|Any CPU.Build.0 = Release|Any CPU
		{4427D240-6CA8-4478-9104-B407D4411A46}.Release|x64.ActiveCfg = Release|Any CPU
		{4427D240-6CA8-4478-9104-B407D4411A46}.Release|x64.Build.0 = Release|Any CPU
		{4427D240-6CA8-4478-9104-B407D4411A46}.Release|x86.ActiveCfg = Release|Any CPU
		{4427D240-6CA8-4478-9104-B407D4411A46}.Release|x86.Build.0 = Release|Any CPU
		{4B21C78E-D158-4F07-9828-DEDC53B451BE}.Debug|Any CPU.ActiveCfg = Debug|Any CPU
		{4B21C78E-D158-4F07-9828-DEDC53B451BE}.Debug|Any CPU.Build.0 = Debug|Any CPU
		{4B21C78E-D158-4F07-9828-DEDC53B451BE}.Debug|x64.ActiveCfg = Debug|Any CPU
		{4B21C78E-D158-4F07-9828-DEDC53B451BE}.Debug|x64.Build.0 = Debug|Any CPU
		{4B21C78E-D158-4F07-9828-DEDC53B451BE}.Debug|x86.ActiveCfg = Debug|Any CPU
		{4B21C78E-D158-4F07-9828-DEDC53B451BE}.Debug|x86.Build.0 = Debug|Any CPU
		{4B21C78E-D158-4F07-9828-DEDC53B451BE}.Release|Any CPU.ActiveCfg = Release|Any CPU
		{4B21C78E-D158-4F07-9828-DEDC53B451BE}.Release|Any CPU.Build.0 = Release|Any CPU
		{4B21C78E-D158-4F07-9828-DEDC53B451BE}.Release|x64.ActiveCfg = Release|Any CPU
		{4B21C78E-D158-4F07-9828-DEDC53B451BE}.Release|x64.Build.0 = Release|Any CPU
		{4B21C78E-D158-4F07-9828-DEDC53B451BE}.Release|x86.ActiveCfg = Release|Any CPU
		{4B21C78E-D158-4F07-9828-DEDC53B451BE}.Release|x86.Build.0 = Release|Any CPU
		{AB2A0D16-CD62-425D-A95F-9211422FAB27}.Debug|Any CPU.ActiveCfg = Debug|Any CPU
		{AB2A0D16-CD62-425D-A95F-9211422FAB27}.Debug|Any CPU.Build.0 = Debug|Any CPU
		{AB2A0D16-CD62-425D-A95F-9211422FAB27}.Debug|x64.ActiveCfg = Debug|Any CPU
		{AB2A0D16-CD62-425D-A95F-9211422FAB27}.Debug|x64.Build.0 = Debug|Any CPU
		{AB2A0D16-CD62-425D-A95F-9211422FAB27}.Debug|x86.ActiveCfg = Debug|Any CPU
		{AB2A0D16-CD62-425D-A95F-9211422FAB27}.Debug|x86.Build.0 = Debug|Any CPU
		{AB2A0D16-CD62-425D-A95F-9211422FAB27}.Release|Any CPU.ActiveCfg = Release|Any CPU
		{AB2A0D16-CD62-425D-A95F-9211422FAB27}.Release|Any CPU.Build.0 = Release|Any CPU
		{AB2A0D16-CD62-425D-A95F-9211422FAB27}.Release|x64.ActiveCfg = Release|Any CPU
		{AB2A0D16-CD62-425D-A95F-9211422FAB27}.Release|x64.Build.0 = Release|Any CPU
		{AB2A0D16-CD62-425D-A95F-9211422FAB27}.Release|x86.ActiveCfg = Release|Any CPU
		{AB2A0D16-CD62-425D-A95F-9211422FAB27}.Release|x86.Build.0 = Release|Any CPU
		{6EE76231-7B84-452C-939D-B497CC64BCFA}.Debug|Any CPU.ActiveCfg = Debug|Any CPU
		{6EE76231-7B84-452C-939D-B497CC64BCFA}.Debug|Any CPU.Build.0 = Debug|Any CPU
		{6EE76231-7B84-452C-939D-B497CC64BCFA}.Debug|x64.ActiveCfg = Debug|Any CPU
		{6EE76231-7B84-452C-939D-B497CC64BCFA}.Debug|x64.Build.0 = Debug|Any CPU
		{6EE76231-7B84-452C-939D-B497CC64BCFA}.Debug|x86.ActiveCfg = Debug|Any CPU
		{6EE76231-7B84-452C-939D-B497CC64BCFA}.Debug|x86.Build.0 = Debug|Any CPU
		{6EE76231-7B84-452C-939D-B497CC64BCFA}.Release|Any CPU.ActiveCfg = Release|Any CPU
		{6EE76231-7B84-452C-939D-B497CC64BCFA}.Release|Any CPU.Build.0 = Release|Any CPU
		{6EE76231-7B84-452C-939D-B497CC64BCFA}.Release|x64.ActiveCfg = Release|Any CPU
		{6EE76231-7B84-452C-939D-B497CC64BCFA}.Release|x64.Build.0 = Release|Any CPU
		{6EE76231-7B84-452C-939D-B497CC64BCFA}.Release|x86.ActiveCfg = Release|Any CPU
		{6EE76231-7B84-452C-939D-B497CC64BCFA}.Release|x86.Build.0 = Release|Any CPU
	EndGlobalSection
	GlobalSection(SolutionProperties) = preSolution
		HideSolutionNode = FALSE
	EndGlobalSection
	GlobalSection(NestedProjects) = preSolution
		{48DA2F28-74A8-4F86-99C3-8EDD59EA9383} = {827E0CD3-B72D-47B6-A68D-7590B98EB39B}
		{2CE258C3-07B9-41DB-8A15-0DE4E094E314} = {827E0CD3-B72D-47B6-A68D-7590B98EB39B}
		{4427D240-6CA8-4478-9104-B407D4411A46} = {827E0CD3-B72D-47B6-A68D-7590B98EB39B}
		{4B21C78E-D158-4F07-9828-DEDC53B451BE} = {827E0CD3-B72D-47B6-A68D-7590B98EB39B}
		{AB2A0D16-CD62-425D-A95F-9211422FAB27} = {827E0CD3-B72D-47B6-A68D-7590B98EB39B}
		{6EE76231-7B84-452C-939D-B497CC64BCFA} = {827E0CD3-B72D-47B6-A68D-7590B98EB39B}
	EndGlobalSection
EndGlobal
